
Microsoft Visual Studio Solution File, Format Version 12.00
# Visual Studio Version 17
VisualStudioVersion = 17.12.35521.163 d17.12
MinimumVisualStudioVersion = 10.0.40219.1
Project("{888888A0-9F3D-457C-B088-3A5042F75D52}") = "Portfolio", "Portfolio\Portfolio.pyproj", "{FD3A2962-BD9C-457F-8C94-BC49F2105C67}"
EndProject
Global
	GlobalSection(SolutionConfigurationPlatforms) = preSolution
		Debug|Any CPU = Debug|Any CPU
		Release|Any CPU = Release|Any CPU
	EndGlobalSection
	GlobalSection(ProjectConfigurationPlatforms) = postSolution
		{FD3A2962-BD9C-457F-8C94-BC49F2105C67}.Debug|Any CPU.ActiveCfg = Debug|Any CPU
		{FD3A2962-BD9C-457F-8C94-BC49F2105C67}.Debug|Any CPU.Build.0 = Debug|Any CPU
		{FD3A2962-BD9C-457F-8C94-BC49F2105C67}.Release|Any CPU.ActiveCfg = Release|Any CPU
		{FD3A2962-BD9C-457F-8C94-BC49F2105C67}.Release|Any CPU.Build.0 = Release|Any CPU
	EndGlobalSection
	GlobalSection(SolutionProperties) = preSolution
		HideSolutionNode = FALSE
	EndGlobalSection
EndGlobal
